
Microsoft Visual Studio Solution File, Format Version 12.00
# Visual Studio 2015
Project("{FAE04EC0-301F-11D3-BF4B-00C04F79EFBC}") = "ArBook.CSharp", "ArBook.CSharp.csproj", "{DA76DCD8-2045-21DA-3078-EF82C70030E0}"
EndProject
Project("{FAE04EC0-301F-11D3-BF4B-00C04F79EFBC}") = "ArBook.CSharp.Editor", "ArBook.CSharp.Editor.csproj", "{07A04C4E-B20F-62E8-05FE-54FF8FD83054}"
EndProject
Global
	GlobalSection(SolutionConfigurationPlatforms) = preSolution
		Debug|Any CPU = Debug|Any CPU
		Release|Any CPU = Release|Any CPU
	EndGlobalSection
	GlobalSection(ProjectConfigurationPlatforms) = postSolution
		{DA76DCD8-2045-21DA-3078-EF82C70030E0}.Debug|Any CPU.ActiveCfg = Debug|Any CPU
		{DA76DCD8-2045-21DA-3078-EF82C70030E0}.Debug|Any CPU.Build.0 = Debug|Any CPU
		{DA76DCD8-2045-21DA-3078-EF82C70030E0}.Release|Any CPU.ActiveCfg = Release|Any CPU
		{DA76DCD8-2045-21DA-3078-EF82C70030E0}.Release|Any CPU.Build.0 = Release|Any CPU
		{07A04C4E-B20F-62E8-05FE-54FF8FD83054}.Debug|Any CPU.ActiveCfg = Debug|Any CPU
		{07A04C4E-B20F-62E8-05FE-54FF8FD83054}.Debug|Any CPU.Build.0 = Debug|Any CPU
		{07A04C4E-B20F-62E8-05FE-54FF8FD83054}.Release|Any CPU.ActiveCfg = Release|Any CPU
		{07A04C4E-B20F-62E8-05FE-54FF8FD83054}.Release|Any CPU.Build.0 = Release|Any CPU
	EndGlobalSection
	GlobalSection(SolutionProperties) = preSolution
		HideSolutionNode = FALSE
	EndGlobalSection
EndGlobal
